# This file is automatically @generated by Poetry 2.1.1 and should not be changed by hand.

[[package]]
name = "asyncpg"
version = "0.20.1"
description = "An asyncio PostgreSQL driver"
optional = false
python-versions = ">=3.5.0"
groups = ["main"]
files = [
    {file = "asyncpg-0.20.1-cp35-cp35m-macosx_10_13_x86_64.whl", hash = "sha256:f7184689177eeb5a11fa1b2baf3f6f2e26bfd7a85acf4de1a3adbd0867d7c0e2"},
    {file = "asyncpg-0.20.1-cp35-cp35m-manylinux1_i686.whl", hash = "sha256:f0c9719ac00615f097fe91082b785bce36dbf02a5ec4115ede0ebfd2cd9500cb"},
    {file = "asyncpg-0.20.1-cp35-cp35m-manylinux1_x86_64.whl", hash = "sha256:1388caa456070dab102be874205e3ae8fd1de2577d5de9fa22e65ba5c0f8b110"},
    {file = "asyncpg-0.20.1-cp35-cp35m-win32.whl", hash = "sha256:ec6e7046c98730cb2ba4df41387e10cb8963a3ac2918f69ae416f8aab9ca7b1b"},
    {file = "asyncpg-0.20.1-cp35-cp35m-win_amd64.whl", hash = "sha256:25edb0b947eb632b6b53e5a4b36cba5677297bb34cbaba270019714d0a5fed76"},
    {file = "asyncpg-0.20.1-cp36-cp36m-macosx_10_13_x86_64.whl", hash = "sha256:95cd2df61ee00b789bdcd04a080e6d9188693b841db2bf9a87ebaed9e53147e0"},
    {file = "asyncpg-0.20.1-cp36-cp36m-manylinux1_i686.whl", hash = "sha256:058baec9d6b75612412baa872a1aa47317d0ff88c318a49f9c4a2389043d5a8d"},
    {file = "asyncpg-0.20.1-cp36-cp36m-manylinux1_x86_64.whl", hash = "sha256:c773c7dbe2f4d3ebc9e3030e94303e45d6742e6c2fc25da0c46a56ea3d83caeb"},
    {file = "asyncpg-0.20.1-cp36-cp36m-win32.whl", hash = "sha256:5664d1bd8abe64fc60a0e701eb85fa1d8c9a4a8018a5a59164d27238f2caf395"},
    {file = "asyncpg-0.20.1-cp36-cp36m-win_amd64.whl", hash = "sha256:57666dfae38f4dbf84ffbf0c5c0f78733fef0e8e083230275dcb9ccad1d5ee09"},
    {file = "asyncpg-0.20.1-cp37-cp37m-macosx_10_13_x86_64.whl", hash = "sha256:0c336903c3b08e970f8af2f606332f1738dba156bca83ed0467dc2f5c70da796"},
    {file = "asyncpg-0.20.1-cp37-cp37m-manylinux1_i686.whl", hash = "sha256:ad5ba062e09673b1a4b8d0facaf5a6d9719bf7b337440d10b07fe994d90a9552"},
    {file = "asyncpg-0.20.1-cp37-cp37m-manylinux1_x86_64.whl", hash = "sha256:ba90d3578bc6dddcbce461875672fd9bdb34f0b8215b68612dd3b65a956ff51c"},
    {file = "asyncpg-0.20.1-cp37-cp37m-win32.whl", hash = "sha256:da238592235717419a6a7b5edc8564da410ebfd056ca4ecc41e70b1b5df86fba"},
    {file = "asyncpg-0.20.1-cp37-cp37m-win_amd64.whl", hash = "sha256:74510234c294c6a6767089ba9c938f09a491426c24405634eb357bd91dffd734"},
    {file = "asyncpg-0.20.1-cp38-cp38-macosx_10_13_x86_64.whl", hash = "sha256:391aea89871df8c1560750af6c7170f2772c2d133b34772acf3637e3cf4db93e"},
    {file = "asyncpg-0.20.1-cp38-cp38-manylinux1_i686.whl", hash = "sha256:a981500bf6947926e53c48f4d60ae080af1b4ad7fa78e363465a5b5ad4f2b65e"},
    {file = "asyncpg-0.20.1-cp38-cp38-manylinux1_x86_64.whl", hash = "sha256:a9e6fd6f0f9e8bd77e9a4e1ef9a4f83a80674d9136a754ae3603e915da96b627"},
    {file = "asyncpg-0.20.1-cp38-cp38-win32.whl", hash = "sha256:e39aac2b3a2f839ce65aa255ce416de899c58b7d38d601d24ca35558e13b48e3"},
    {file = "asyncpg-0.20.1-cp38-cp38-win_amd64.whl", hash = "sha256:2af6a5a705accd36e13292ea43d08c20b15e52d684beb522cb3a7d3c9c8f3f48"},
    {file = "asyncpg-0.20.1.tar.gz", hash = "sha256:394bf19bdddbba07a38cd6fb526ebf66e120444d6b3097332b78efd5b26495b0"},
]

[package.extras]
dev = ["Cython (==0.29.14)", "Sphinx (>=1.7.3,<1.8.0)", "flake8 (>=3.7.9,<3.8.0)", "pycodestyle (>=2.5.0,<2.6.0)", "pytest (>=3.6.0)", "sphinx-rtd-theme (>=0.2.4,<0.3.0)", "sphinxcontrib-asyncio (>=0.2.0,<0.3.0)", "uvloop (>=0.14.0,<0.15.0) ; platform_system != \"Windows\""]
docs = ["Sphinx (>=1.7.3,<1.8.0)", "sphinx-rtd-theme (>=0.2.4,<0.3.0)", "sphinxcontrib-asyncio (>=0.2.0,<0.3.0)"]
test = ["flake8 (>=3.7.9,<3.8.0)", "pycodestyle (>=2.5.0,<2.6.0)", "uvloop (>=0.14.0,<0.15.0) ; platform_system != \"Windows\""]

[[package]]
name = "certifi"
version = "2025.1.31"
description = "Python package for providing Mozilla's CA Bundle."
optional = false
python-versions = ">=3.6"
groups = ["main"]
files = [
    {file = "certifi-2025.1.31-py3-none-any.whl", hash = "sha256:ca78db4565a652026a4db2bcdf68f2fb589ea80d0be70e03929ed730746b84fe"},
    {file = "certifi-2025.1.31.tar.gz", hash = "sha256:3d5da6925056f6f18f119200434a4780a94263f10d1c21d032a6f6b2baa20651"},
]

[[package]]
name = "chardet"
version = "3.0.4"
description = "Universal encoding detector for Python 2 and 3"
optional = false
python-versions = "*"
groups = ["main"]
files = [
    {file = "chardet-3.0.4-py2.py3-none-any.whl", hash = "sha256:fc323ffcaeaed0e0a02bf4d117757b98aed530d9ed4531e3e15460124c106691"},
    {file = "chardet-3.0.4.tar.gz", hash = "sha256:84ab92ed1c4d4f16916e05906b6b75a6c0fb5db821cc65e70cbd64a3e2a5eaae"},
]

[[package]]
name = "click"
version = "7.1.2"
description = "Composable command line interface toolkit"
optional = false
python-versions = ">=2.7, !=3.0.*, !=3.1.*, !=3.2.*, !=3.3.*, !=3.4.*"
groups = ["main"]
files = [
    {file = "click-7.1.2-py2.py3-none-any.whl", hash = "sha256:dacca89f4bfadd5de3d7489b7c8a566eee0d3676333fbb50030263894c38c0dc"},
    {file = "click-7.1.2.tar.gz", hash = "sha256:d2b5255c7c6349bc1bd1e59e08cd12acbbd63ce649f2588755783aa94dfb6b1a"},
]

[[package]]
name = "databases"
version = "0.2.6"
description = "Async database support for Python."
optional = false
python-versions = ">=3.6"
groups = ["main"]
files = [
    {file = "databases-0.2.6.tar.gz", hash = "sha256:a04db1d158a91db7bd49db16e14266e8e6c7336f06f88c700147690683c769a3"},
]

[package.dependencies]
asyncpg = {version = "*", optional = true, markers = "extra == \"postgresql\""}
psycopg2-binary = {version = "*", optional = true, markers = "extra == \"postgresql\""}
sqlalchemy = "*"

[package.extras]
mysql = ["aiomysql", "pymysql"]
postgresql = ["asyncpg", "psycopg2-binary"]
sqlite = ["aiosqlite"]

[[package]]
name = "fastapi"
version = "0.48.0"
description = "FastAPI framework, high performance, easy to learn, fast to code, ready for production"
optional = false
python-versions = ">=3.6"
groups = ["main"]
files = [
    {file = "fastapi-0.48.0-py3-none-any.whl", hash = "sha256:87d409d3ac3957713c016ba3b28fa5214e0903d4351cc3fe486b170d29e8aacd"},
    {file = "fastapi-0.48.0.tar.gz", hash = "sha256:2e00347f6a84291a5f04302733fbcf7c2ad9c674c0d0448cbee661db0e01ca16"},
]

[package.dependencies]
pydantic = ">=0.32.2,<2.0.0"
starlette = "0.12.9"

[package.extras]
all = ["aiofiles", "async_exit_stack", "async_generator", "email_validator", "graphene", "itsdangerous", "jinja2", "python-multipart", "pyyaml", "requests", "ujson", "uvicorn"]
dev = ["autoflake", "flake8", "graphene", "passlib[bcrypt]", "pyjwt", "uvicorn"]
doc = ["markdown-include", "mkdocs", "mkdocs-material"]
test = ["async_exit_stack", "async_generator", "black", "databases[sqlite]", "email_validator", "isort", "mypy", "orjson", "peewee", "pytest (>=4.0.0)", "pytest-cov", "requests", "sqlalchemy"]

[[package]]
name = "h11"
version = "0.9.0"
description = "A pure-Python, bring-your-own-I/O implementation of HTTP/1.1"
optional = false
python-versions = "*"
groups = ["main"]
files = [
    {file = "h11-0.9.0-py2.py3-none-any.whl", hash = "sha256:4bc6d6a1238b7615b266ada57e0618568066f57dd6fa967d1290ec9309b2f2f1"},
    {file = "h11-0.9.0.tar.gz", hash = "sha256:33d4bca7be0fa039f4e84d50ab00531047e53d6ee8ffbc83501ea602c169cae1"},
]

[[package]]
name = "h2"
version = "3.2.0"
description = "HTTP/2 State-Machine based protocol implementation"
optional = false
python-versions = "*"
groups = ["main"]
files = [
    {file = "h2-3.2.0-py2.py3-none-any.whl", hash = "sha256:61e0f6601fa709f35cdb730863b4e5ec7ad449792add80d1410d4174ed139af5"},
    {file = "h2-3.2.0.tar.gz", hash = "sha256:875f41ebd6f2c44781259005b157faed1a5031df3ae5aa7bcb4628a6c0782f14"},
]

[package.dependencies]
hpack = ">=3.0,<4"
hyperframe = ">=5.2.0,<6"

[[package]]
name = "hpack"
version = "3.0.0"
description = "Pure-Python HPACK header compression"
optional = false
python-versions = "*"
groups = ["main"]
files = [
    {file = "hpack-3.0.0-py2.py3-none-any.whl", hash = "sha256:0edd79eda27a53ba5be2dfabf3b15780928a0dff6eb0c60a3d6767720e970c89"},
    {file = "hpack-3.0.0.tar.gz", hash = "sha256:8eec9c1f4bfae3408a3f30500261f7e6a65912dc138526ea054f9ad98892e9d2"},
]

[[package]]
name = "hstspreload"
version = "2025.1.1"
description = "Chromium HSTS Preload list as a Python package"
optional = false
python-versions = ">=3.6"
groups = ["main"]
files = [
    {file = "hstspreload-2025.1.1-py3-none-any.whl", hash = "sha256:02bd5b0885b62f0d5239ca6c6876ffcad8d9c08dc97cee54292598141a16e9dc"},
    {file = "hstspreload-2025.1.1.tar.gz", hash = "sha256:346552a807b3a1762376de8ecce097544e7fcd64fb64231b4652da52f86fa6f1"},
]

[[package]]
name = "httptools"
version = "0.0.13"
description = "A collection of framework independent HTTP protocol utils."
optional = false
python-versions = "*"
groups = ["main"]
markers = "sys_platform != \"win32\" and sys_platform != \"cygwin\" and platform_python_implementation != \"pypy\""
files = [
    {file = "httptools-0.0.13.tar.gz", hash = "sha256:e00cbd7ba01ff748e494248183abc6e153f49181169d8a3d41bb49132ca01dfc"},
]

[[package]]
name = "httpx"
version = "0.11.1"
description = "The next generation HTTP client."
optional = false
python-versions = ">=3.6"
groups = ["main"]
files = [
    {file = "httpx-0.11.1-py2.py3-none-any.whl", hash = "sha256:1d3893d3e4244c569764a6bae5c5a9fbbc4a6ec3825450b5696602af7a275576"},
    {file = "httpx-0.11.1.tar.gz", hash = "sha256:7d2bfb726eeed717953d15dddb22da9c2fcf48a4d70ba1456aa0a7faeda33cf7"},
]

[package.dependencies]
certifi = "*"
chardet = "==3.*"
h11 = ">=0.8,<0.10"
h2 = "==3.*"
hstspreload = "*"
idna = "==2.*"
rfc3986 = ">=1.3,<2"
sniffio = "==1.*"
urllib3 = "==1.*"

[[package]]
name = "hyperframe"
version = "5.2.0"
description = "HTTP/2 framing layer for Python"
optional = false
python-versions = "*"
groups = ["main"]
files = [
    {file = "hyperframe-5.2.0-py2.py3-none-any.whl", hash = "sha256:5187962cb16dcc078f23cb5a4b110098d546c3f41ff2d4038a9896893bbd0b40"},
    {file = "hyperframe-5.2.0.tar.gz", hash = "sha256:a9f5c17f2cc3c719b917c4f33ed1c61bd1f8dfac4b1bd23b7c80b3400971b41f"},
]

[[package]]
name = "idna"
version = "2.10"
description = "Internationalized Domain Names in Applications (IDNA)"
optional = false
python-versions = ">=2.7, !=3.0.*, !=3.1.*, !=3.2.*, !=3.3.*"
groups = ["main"]
files = [
    {file = "idna-2.10-py2.py3-none-any.whl", hash = "sha256:b97d804b1e9b523befed77c48dacec60e6dcb0b5391d57af6a65a312a90648c0"},
    {file = "idna-2.10.tar.gz", hash = "sha256:b307872f855b18632ce0c21c5e45be78c0ea7ae4c15c828c20788b26921eb3f6"},
]

[[package]]
name = "psycopg2-binary"
version = "2.9.10"
description = "psycopg2 - Python-PostgreSQL Database Adapter"
optional = false
python-versions = ">=3.8"
groups = ["main"]
files = [
    {file = "psycopg2-binary-2.9.10.tar.gz", hash = "sha256:4b3df0e6990aa98acda57d983942eff13d824135fe2250e6522edaa782a06de2"},
    {file = "psycopg2_binary-2.9.10-cp310-cp310-macosx_12_0_x86_64.whl", hash = "sha256:0ea8e3d0ae83564f2fc554955d327fa081d065c8ca5cc6d2abb643e2c9c1200f"},
    {file = "psycopg2_binary-2.9.10-cp310-cp310-macosx_14_0_arm64.whl", hash = "sha256:3e9c76f0ac6f92ecfc79516a8034a544926430f7b080ec5a0537bca389ee0906"},
    {file = "psycopg2_binary-2.9.10-cp310-cp310-manylinux_2_17_aarch64.manylinux2014_aarch64.whl", hash = "sha256:2ad26b467a405c798aaa1458ba09d7e2b6e5f96b1ce0ac15d82fd9f95dc38a92"},
    {file = "psycopg2_binary-2.9.10-cp310-cp310-manylinux_2_17_i686.manylinux2014_i686.whl", hash = "sha256:270934a475a0e4b6925b5f804e3809dd5f90f8613621d062848dd82f9cd62007"},
    {file = "psycopg2_binary-2.9.10-cp310-cp310-manylinux_2_17_ppc64le.manylinux2014_ppc64le.whl", hash = "sha256:48b338f08d93e7be4ab2b5f1dbe69dc5e9ef07170fe1f86514422076d9c010d0"},
    {file = "psycopg2_binary-2.9.10-cp310-cp310-manylinux_2_17_x86_64.manylinux2014_x86_64.whl", hash = "sha256:7f4152f8f76d2023aac16285576a9ecd2b11a9895373a1f10fd9db54b3ff06b4"},
    {file = "psycopg2_binary-2.9.10-cp310-cp310-musllinux_1_2_aarch64.whl", hash = "sha256:32581b3020c72d7a421009ee1c6bf4a131ef5f0a968fab2e2de0c9d2bb4577f1"},
    {file = "psycopg2_binary-2.9.10-cp310-cp310-musllinux_1_2_i686.whl", hash = "sha256:2ce3e21dc3437b1d960521eca599d57408a695a0d3c26797ea0f72e834c7ffe5"},
    {file = "psycopg2_binary-2.9.10-cp310-cp310-musllinux_1_2_ppc64le.whl", hash = "sha256:e984839e75e0b60cfe75e351db53d6db750b00de45644c5d1f7ee5d1f34a1ce5"},
    {file = "psycopg2_binary-2.9.10-cp310-cp310-musllinux_1_2_x86_64.whl", hash = "sha256:3c4745a90b78e51d9ba06e2088a2fe0c693ae19cc8cb051ccda44e8df8a6eb53"},
    {file = "psycopg2_binary-2.9.10-cp310-cp310-win32.whl", hash = "sha256:e5720a5d25e3b99cd0dc5c8a440570469ff82659bb09431c1439b92caf184d3b"},
    {file = "psycopg2_binary-2.9.10-cp310-cp310-win_amd64.whl", hash = "sha256:3c18f74eb4386bf35e92ab2354a12c17e5eb4d9798e4c0ad3a00783eae7cd9f1"},
    {file = "psycopg2_binary-2.9.10-cp311-cp311-macosx_12_0_x86_64.whl", hash = "sha256:04392983d0bb89a8717772a193cfaac58871321e3ec69514e1c4e0d4957b5aff"},
    {file = "psycopg2_binary-2.9.10-cp311-cp311-macosx_14_0_arm64.whl", hash = "sha256:1a6784f0ce3fec4edc64e985865c17778514325074adf5ad8f80636cd029ef7c"},
    {file = "psycopg2_binary-2.9.10-cp311-cp311-manylinux_2_17_aarch64.manylinux2014_aarch64.whl", hash = "sha256:b5f86c56eeb91dc3135b3fd8a95dc7ae14c538a2f3ad77a19645cf55bab1799c"},
    {file = "psycopg2_binary-2.9.10-cp311-cp311-manylinux_2_17_i686.manylinux2014_i686.whl", hash = "sha256:2b3d2491d4d78b6b14f76881905c7a8a8abcf974aad4a8a0b065273a0ed7a2cb"},
    {file = "psycopg2_binary-2.9.10-cp311-cp311-manylinux_2_17_ppc64le.manylinux2014_ppc64le.whl", hash = "sha256:2286791ececda3a723d1910441c793be44625d86d1a4e79942751197f4d30341"},
    {file = "psycopg2_binary-2.9.10-cp311-cp311-manylinux_2_17_x86_64.manylinux2014_x86_64.whl", hash = "sha256:512d29bb12608891e349af6a0cccedce51677725a921c07dba6342beaf576f9a"},
    {file = "psycopg2_binary-2.9.10-cp311-cp311-musllinux_1_2_aarch64.whl", hash = "sha256:5a507320c58903967ef7384355a4da7ff3f28132d679aeb23572753cbf2ec10b"},
    {file = "psycopg2_binary-2.9.10-cp311-cp311-musllinux_1_2_i686.whl", hash = "sha256:6d4fa1079cab9018f4d0bd2db307beaa612b0d13ba73b5c6304b9fe2fb441ff7"},
    {file = "psycopg2_binary-2.9.10-cp311-cp311-musllinux_1_2_ppc64le.whl", hash = "sha256:851485a42dbb0bdc1edcdabdb8557c09c9655dfa2ca0460ff210522e073e319e"},
    {file = "psycopg2_binary-2.9.10-cp311-cp311-musllinux_1_2_x86_64.whl", hash = "sha256:35958ec9e46432d9076286dda67942ed6d968b9c3a6a2fd62b48939d1d78bf68"},
    {file = "psycopg2_binary-2.9.10-cp311-cp311-win32.whl", hash = "sha256:ecced182e935529727401b24d76634a357c71c9275b356efafd8a2a91ec07392"},
    {file = "psycopg2_binary-2.9.10-cp311-cp311-win_amd64.whl", hash = "sha256:ee0e8c683a7ff25d23b55b11161c2663d4b099770f6085ff0a20d4505778d6b4"},
    {file = "psycopg2_binary-2.9.10-cp312-cp312-macosx_12_0_x86_64.whl", hash = "sha256:880845dfe1f85d9d5f7c412efea7a08946a46894537e4e5d091732eb1d34d9a0"},
    {file = "psycopg2_binary-2.9.10-cp312-cp312-macosx_14_0_arm64.whl", hash = "sha256:9440fa522a79356aaa482aa4ba500b65f28e5d0e63b801abf6aa152a29bd842a"},
    {file = "psycopg2_binary-2.9.10-cp312-cp312-manylinux_2_17_aarch64.manylinux2014_aarch64.whl", hash = "sha256:e3923c1d9870c49a2d44f795df0c889a22380d36ef92440ff618ec315757e539"},
    {file = "psycopg2_binary-2.9.10-cp312-cp312-manylinux_2_17_i686.manylinux2014_i686.whl", hash = "sha256:7b2c956c028ea5de47ff3a8d6b3cc3330ab45cf0b7c3da35a2d6ff8420896526"},
    {file = "psycopg2_binary-2.9.10-cp312-cp312-manylinux_2_17_ppc64le.manylinux2014_ppc64le.whl", hash = "sha256:f758ed67cab30b9a8d2833609513ce4d3bd027641673d4ebc9c067e4d208eec1"},
    {file = "psycopg2_binary-2.9.10-cp312-cp312-manylinux_2_17_x86_64.manylinux2014_x86_64.whl", hash = "sha256:8cd9b4f2cfab88ed4a9106192de509464b75a906462fb846b936eabe45c2063e"},
    {file = "psycopg2_binary-2.9.10-cp312-cp312-musllinux_1_2_aarch64.whl", hash = "sha256:6dc08420625b5a20b53551c50deae6e231e6371194fa0651dbe0fb206452ae1f"},
    {file = "psycopg2_binary-2.9.10-cp312-cp312-musllinux_1_2_i686.whl", hash = "sha256:d7cd730dfa7c36dbe8724426bf5612798734bff2d3c3857f36f2733f5bfc7c00"},
    {file = "psycopg2_binary-2.9.10-cp312-cp312-musllinux_1_2_ppc64le.whl", hash = "sha256:155e69561d54d02b3c3209545fb08938e27889ff5a10c19de8d23eb5a41be8a5"},
    {file = "psycopg2_binary-2.9.10-cp312-cp312-musllinux_1_2_x86_64.whl", hash = "sha256:c3cc28a6fd5a4a26224007712e79b81dbaee2ffb90ff406256158ec4d7b52b47"},
    {file = "psycopg2_binary-2.9.10-cp312-cp312-win32.whl", hash = "sha256:ec8a77f521a17506a24a5f626cb2aee7850f9b69a0afe704586f63a464f3cd64"},
    {file = "psycopg2_binary-2.9.10-cp312-cp312-win_amd64.whl", hash = "sha256:18c5ee682b9c6dd3696dad6e54cc7ff3a1a9020df6a5c0f861ef8bfd338c3ca0"},
    {file = "psycopg2_binary-2.9.10-cp313-cp313-macosx_12_0_x86_64.whl", hash = "sha256:26540d4a9a4e2b096f1ff9cce51253d0504dca5a85872c7f7be23be5a53eb18d"},
    {file = "psycopg2_binary-2.9.10-cp313-cp313-macosx_14_0_arm64.whl", hash = "sha256:e217ce4d37667df0bc1c397fdcd8de5e81018ef305aed9415c3b093faaeb10fb"},
    {file = "psycopg2_binary-2.9.10-cp313-cp313-manylinux_2_17_aarch64.manylinux2014_aarch64.whl", hash = "sha256:245159e7ab20a71d989da00f280ca57da7641fa2cdcf71749c193cea540a74f7"},
    {file = "psycopg2_binary-2.9.10-cp313-cp313-manylinux_2_17_i686.manylinux2014_i686.whl", hash = "sha256:3c4ded1a24b20021ebe677b7b08ad10bf09aac197d6943bfe6fec70ac4e4690d"},
    {file = "psycopg2_binary-2.9.10-cp313-cp313-manylinux_2_17_ppc64le.manylinux2014_ppc64le.whl", hash = "sha256:3abb691ff9e57d4a93355f60d4f4c1dd2d68326c968e7db17ea96df3c023ef73"},
    {file = "psycopg2_binary-2.9.10-cp313-cp313-manylinux_2_17_x86_64.manylinux2014_x86_64.whl", hash = "sha256:8608c078134f0b3cbd9f89b34bd60a943b23fd33cc5f065e8d5f840061bd0673"},
    {file = "psycopg2_binary-2.9.10-cp313-cp313-musllinux_1_2_aarch64.whl", hash = "sha256:230eeae2d71594103cd5b93fd29d1ace6420d0b86f4778739cb1a5a32f607d1f"},
    {file = "psycopg2_binary-2.9.10-cp313-cp313-musllinux_1_2_i686.whl", hash = "sha256:bb89f0a835bcfc1d42ccd5f41f04870c1b936d8507c6df12b7737febc40f0909"},
    {file = "psycopg2_binary-2.9.10-cp313-cp313-musllinux_1_2_ppc64le.whl", hash = "sha256:f0c2d907a1e102526dd2986df638343388b94c33860ff3bbe1384130828714b1"},
    {file = "psycopg2_binary-2.9.10-cp313-cp313-musllinux_1_2_x86_64.whl", hash = "sha256:f8157bed2f51db683f31306aa497311b560f2265998122abe1dce6428bd86567"},
    {file = "psycopg2_binary-2.9.10-cp313-cp313-win_amd64.whl", hash = "sha256:27422aa5f11fbcd9b18da48373eb67081243662f9b46e6fd07c3eb46e4535142"},
    {file = "psycopg2_binary-2.9.10-cp38-cp38-macosx_12_0_x86_64.whl", hash = "sha256:eb09aa7f9cecb45027683bb55aebaaf45a0df8bf6de68801a6afdc7947bb09d4"},
    {file = "psycopg2_binary-2.9.10-cp38-cp38-manylinux_2_17_aarch64.manylinux2014_aarch64.whl", hash = "sha256:b73d6d7f0ccdad7bc43e6d34273f70d587ef62f824d7261c4ae9b8b1b6af90e8"},
    {file = "psycopg2_binary-2.9.10-cp38-cp38-manylinux_2_17_i686.manylinux2014_i686.whl", hash = "sha256:ce5ab4bf46a211a8e924d307c1b1fcda82368586a19d0a24f8ae166f5c784864"},
    {file = "psycopg2_binary-2.9.10-cp38-cp38-manylinux_2_17_ppc64le.manylinux2014_ppc64le.whl", hash = "sha256:056470c3dc57904bbf63d6f534988bafc4e970ffd50f6271fc4ee7daad9498a5"},
    {file = "psycopg2_binary-2.9.10-cp38-cp38-manylinux_2_17_x86_64.manylinux2014_x86_64.whl", hash = "sha256:73aa0e31fa4bb82578f3a6c74a73c273367727de397a7a0f07bd83cbea696baa"},
    {file = "psycopg2_binary-2.9.10-cp38-cp38-musllinux_1_2_aarch64.whl", hash = "sha256:8de718c0e1c4b982a54b41779667242bc630b2197948405b7bd8ce16bcecac92"},
    {file = "psycopg2_binary-2.9.10-cp38-cp38-musllinux_1_2_i686.whl", hash = "sha256:5c370b1e4975df846b0277b4deba86419ca77dbc25047f535b0bb03d1a544d44"},
    {file = "psycopg2_binary-2.9.10-cp38-cp38-musllinux_1_2_ppc64le.whl", hash = "sha256:ffe8ed017e4ed70f68b7b371d84b7d4a790368db9203dfc2d222febd3a9c8863"},
    {file = "psycopg2_binary-2.9.10-cp38-cp38-musllinux_1_2_x86_64.whl", hash = "sha256:8aecc5e80c63f7459a1a2ab2c64df952051df196294d9f739933a9f6687e86b3"},
    {file = "psycopg2_binary-2.9.10-cp39-cp39-macosx_12_0_x86_64.whl", hash = "sha256:7a813c8bdbaaaab1f078014b9b0b13f5de757e2b5d9be6403639b298a04d218b"},
    {file = "psycopg2_binary-2.9.10-cp39-cp39-manylinux_2_17_aarch64.manylinux2014_aarch64.whl", hash = "sha256:d00924255d7fc916ef66e4bf22f354a940c67179ad3fd7067d7a0a9c84d2fbfc"},
    {file = "psycopg2_binary-2.9.10-cp39-cp39-manylinux_2_17_i686.manylinux2014_i686.whl", hash = "sha256:7559bce4b505762d737172556a4e6ea8a9998ecac1e39b5233465093e8cee697"},
    {file = "psycopg2_binary-2.9.10-cp39-cp39-manylinux_2_17_ppc64le.manylinux2014_ppc64le.whl", hash = "sha256:e8b58f0a96e7a1e341fc894f62c1177a7c83febebb5ff9123b579418fdc8a481"},
    {file = "psycopg2_binary-2.9.10-cp39-cp39-manylinux_2_17_x86_64.manylinux2014_x86_64.whl", hash = "sha256:6b269105e59ac96aba877c1707c600ae55711d9dcd3fc4b5012e4af68e30c648"},
    {file = "psycopg2_binary-2.9.10-cp39-cp39-musllinux_1_2_aarch64.whl", hash = "sha256:79625966e176dc97ddabc142351e0409e28acf4660b88d1cf6adb876d20c490d"},
    {file = "psycopg2_binary-2.9.10-cp39-cp39-musllinux_1_2_i686.whl", hash = "sha256:8aabf1c1a04584c168984ac678a668094d831f152859d06e055288fa515e4d30"},
    {file = "psycopg2_binary-2.9.10-cp39-cp39-musllinux_1_2_ppc64le.whl", hash = "sha256:19721ac03892001ee8fdd11507e6a2e01f4e37014def96379411ca99d78aeb2c"},
    {file = "psycopg2_binary-2.9.10-cp39-cp39-musllinux_1_2_x86_64.whl", hash = "sha256:7f5d859928e635fa3ce3477704acee0f667b3a3d3e4bb109f2b18d4005f38287"},
    {file = "psycopg2_binary-2.9.10-cp39-cp39-win32.whl", hash = "sha256:3216ccf953b3f267691c90c6fe742e45d890d8272326b4a8b20850a03d05b7b8"},
    {file = "psycopg2_binary-2.9.10-cp39-cp39-win_amd64.whl", hash = "sha256:30e34c4e97964805f715206c7b789d54a78b70f3ff19fbe590104b71c45600e5"},
]

[[package]]
name = "pydantic"
version = "1.10.21"
description = "Data validation and settings management using python type hints"
optional = false
python-versions = ">=3.7"
groups = ["main"]
files = [
    {file = "pydantic-1.10.21-cp310-cp310-macosx_10_9_x86_64.whl", hash = "sha256:245e486e0fec53ec2366df9cf1cba36e0bbf066af7cd9c974bbbd9ba10e1e586"},
    {file = "pydantic-1.10.21-cp310-cp310-macosx_11_0_arm64.whl", hash = "sha256:6c54f8d4c151c1de784c5b93dfbb872067e3414619e10e21e695f7bb84d1d1fd"},
    {file = "pydantic-1.10.21-cp310-cp310-manylinux_2_17_x86_64.manylinux2014_x86_64.whl", hash = "sha256:6b64708009cfabd9c2211295144ff455ec7ceb4c4fb45a07a804309598f36187"},
    {file = "pydantic-1.10.21-cp310-cp310-manylinux_2_5_i686.manylinux1_i686.manylinux_2_17_i686.manylinux2014_i686.whl", hash = "sha256:8a148410fa0e971ba333358d11a6dea7b48e063de127c2b09ece9d1c1137dde4"},
    {file = "pydantic-1.10.21-cp310-cp310-musllinux_1_2_i686.whl", hash = "sha256:36ceadef055af06e7756eb4b871cdc9e5a27bdc06a45c820cd94b443de019bbf"},
    {file = "pydantic-1.10.21-cp310-cp310-musllinux_1_2_x86_64.whl", hash = "sha256:c0501e1d12df6ab1211b8cad52d2f7b2cd81f8e8e776d39aa5e71e2998d0379f"},
    {file = "pydantic-1.10.21-cp310-cp310-win_amd64.whl", hash = "sha256:c261127c275d7bce50b26b26c7d8427dcb5c4803e840e913f8d9df3f99dca55f"},
    {file = "pydantic-1.10.21-cp311-cp311-macosx_10_9_x86_64.whl", hash = "sha256:8b6350b68566bb6b164fb06a3772e878887f3c857c46c0c534788081cb48adf4"},
    {file = "pydantic-1.10.21-cp311-cp311-macosx_11_0_arm64.whl", hash = "sha256:935b19fdcde236f4fbf691959fa5c3e2b6951fff132964e869e57c70f2ad1ba3"},
    {file = "pydantic-1.10.21-cp311-cp311-manylinux_2_17_x86_64.manylinux2014_x86_64.whl", hash = "sha256:2b6a04efdcd25486b27f24c1648d5adc1633ad8b4506d0e96e5367f075ed2e0b"},
    {file = "pydantic-1.10.21-cp311-cp311-manylinux_2_5_i686.manylinux1_i686.manylinux_2_17_i686.manylinux2014_i686.whl", hash = "sha256:c1ba253eb5af8d89864073e6ce8e6c8dec5f49920cff61f38f5c3383e38b1c9f"},
    {file = "pydantic-1.10.21-cp311-cp311-musllinux_1_2_i686.whl", hash = "sha256:57f0101e6c97b411f287a0b7cf5ebc4e5d3b18254bf926f45a11615d29475793"},
    {file = "pydantic-1.10.21-cp311-cp311-musllinux_1_2_x86_64.whl", hash = "sha256:90e85834f0370d737c77a386ce505c21b06bfe7086c1c568b70e15a568d9670d"},
    {file = "pydantic-1.10.21-cp311-cp311-win_amd64.whl", hash = "sha256:6a497bc66b3374b7d105763d1d3de76d949287bf28969bff4656206ab8a53aa9"},
    {file = "pydantic-1.10.21-cp312-cp312-macosx_10_13_x86_64.whl", hash = "sha256:2ed4a5f13cf160d64aa331ab9017af81f3481cd9fd0e49f1d707b57fe1b9f3ae"},
    {file = "pydantic-1.10.21-cp312-cp312-macosx_11_0_arm64.whl", hash = "sha256:3b7693bb6ed3fbe250e222f9415abb73111bb09b73ab90d2d4d53f6390e0ccc1"},
    {file = "pydantic-1.10.21-cp312-cp312-manylinux_2_17_x86_64.manylinux2014_x86_64.whl", hash = "sha256:185d5f1dff1fead51766da9b2de4f3dc3b8fca39e59383c273f34a6ae254e3e2"},
    {file = "pydantic-1.10.21-cp312-cp312-manylinux_2_5_i686.manylinux1_i686.manylinux_2_17_i686.manylinux2014_i686.whl", hash = "sha256:38e6d35cf7cd1727822c79e324fa0677e1a08c88a34f56695101f5ad4d5e20e5"},
    {file = "pydantic-1.10.21-cp312-cp312-musllinux_1_2_i686.whl", hash = "sha256:1d7c332685eafacb64a1a7645b409a166eb7537f23142d26895746f628a3149b"},
    {file = "pydantic-1.10.21-cp312-cp312-musllinux_1_2_x86_64.whl", hash = "sha256:2c9b782db6f993a36092480eeaab8ba0609f786041b01f39c7c52252bda6d85f"},
    {file = "pydantic-1.10.21-cp312-cp312-win_amd64.whl", hash = "sha256:7ce64d23d4e71d9698492479505674c5c5b92cda02b07c91dfc13633b2eef805"},
    {file = "pydantic-1.10.21-cp313-cp313-macosx_10_13_x86_64.whl", hash = "sha256:0067935d35044950be781933ab91b9a708eaff124bf860fa2f70aeb1c4be7212"},
    {file = "pydantic-1.10.21-cp313-cp313-macosx_11_0_arm64.whl", hash = "sha256:5e8148c2ce4894ce7e5a4925d9d3fdce429fb0e821b5a8783573f3611933a251"},
    {file = "pydantic-1.10.21-cp313-cp313-manylinux_2_17_x86_64.manylinux2014_x86_64.whl", hash = "sha256:a4973232c98b9b44c78b1233693e5e1938add5af18042f031737e1214455f9b8"},
    {file = "pydantic-1.10.21-cp313-cp313-manylinux_2_5_i686.manylinux1_i686.manylinux_2_17_i686.manylinux2014_i686.whl", hash = "sha256:662bf5ce3c9b1cef32a32a2f4debe00d2f4839fefbebe1d6956e681122a9c839"},
    {file = "pydantic-1.10.21-cp313-cp313-musllinux_1_2_i686.whl", hash = "sha256:98737c3ab5a2f8a85f2326eebcd214510f898881a290a7939a45ec294743c875"},
    {file = "pydantic-1.10.21-cp313-cp313-musllinux_1_2_x86_64.whl", hash = "sha256:0bb58bbe65a43483d49f66b6c8474424d551a3fbe8a7796c42da314bac712738"},
    {file = "pydantic-1.10.21-cp313-cp313-win_amd64.whl", hash = "sha256:e622314542fb48542c09c7bd1ac51d71c5632dd3c92dc82ede6da233f55f4848"},
    {file = "pydantic-1.10.21-cp37-cp37m-macosx_10_9_x86_64.whl", hash = "sha256:d356aa5b18ef5a24d8081f5c5beb67c0a2a6ff2a953ee38d65a2aa96526b274f"},
    {file = "pydantic-1.10.21-cp37-cp37m-manylinux_2_17_x86_64.manylinux2014_x86_64.whl", hash = "sha256:08caa8c0468172d27c669abfe9e7d96a8b1655ec0833753e117061febaaadef5"},
    {file = "pydantic-1.10.21-cp37-cp37m-manylinux_2_5_i686.manylinux1_i686.manylinux_2_17_i686.manylinux2014_i686.whl", hash = "sha256:c677aa39ec737fec932feb68e4a2abe142682f2885558402602cd9746a1c92e8"},
    {file = "pydantic-1.10.21-cp37-cp37m-musllinux_1_2_i686.whl", hash = "sha256:79577cc045d3442c4e845df53df9f9202546e2ba54954c057d253fc17cd16cb1"},
    {file = "pydantic-1.10.21-cp37-cp37m-musllinux_1_2_x86_64.whl", hash = "sha256:b6b73ab347284719f818acb14f7cd80696c6fdf1bd34feee1955d7a72d2e64ce"},
    {file = "pydantic-1.10.21-cp37-cp37m-win_amd64.whl", hash = "sha256:46cffa24891b06269e12f7e1ec50b73f0c9ab4ce71c2caa4ccf1fb36845e1ff7"},
    {file = "pydantic-1.10.21-cp38-cp38-macosx_10_9_x86_64.whl", hash = "sha256:298d6f765e3c9825dfa78f24c1efd29af91c3ab1b763e1fd26ae4d9e1749e5c8"},
    {file = "pydantic-1.10.21-cp38-cp38-macosx_11_0_arm64.whl", hash = "sha256:f2f4a2305f15eff68f874766d982114ac89468f1c2c0b97640e719cf1a078374"},
    {file = "pydantic-1.10.21-cp38-cp38-manylinux_2_17_x86_64.manylinux2014_x86_64.whl", hash = "sha256:35b263b60c519354afb3a60107d20470dd5250b3ce54c08753f6975c406d949b"},
    {file = "pydantic-1.10.21-cp38-cp38-manylinux_2_5_i686.manylinux1_i686.manylinux_2_17_i686.manylinux2014_i686.whl", hash = "sha256:e23a97a6c2f2db88995496db9387cd1727acdacc85835ba8619dce826c0b11a6"},
    {file = "pydantic-1.10.21-cp38-cp38-musllinux_1_2_i686.whl", hash = "sha256:3c96fed246ccc1acb2df032ff642459e4ae18b315ecbab4d95c95cfa292e8517"},
    {file = "pydantic-1.10.21-cp38-cp38-musllinux_1_2_x86_64.whl", hash = "sha256:b92893ebefc0151474f682e7debb6ab38552ce56a90e39a8834734c81f37c8a9"},
    {file = "pydantic-1.10.21-cp38-cp38-win_amd64.whl", hash = "sha256:b8460bc256bf0de821839aea6794bb38a4c0fbd48f949ea51093f6edce0be459"},
    {file = "pydantic-1.10.21-cp39-cp39-macosx_10_9_x86_64.whl", hash = "sha256:5d387940f0f1a0adb3c44481aa379122d06df8486cc8f652a7b3b0caf08435f7"},
    {file = "pydantic-1.10.21-cp39-cp39-macosx_11_0_arm64.whl", hash = "sha256:266ecfc384861d7b0b9c214788ddff75a2ea123aa756bcca6b2a1175edeca0fe"},
    {file = "pydantic-1.10.21-cp39-cp39-manylinux_2_17_x86_64.manylinux2014_x86_64.whl", hash = "sha256:61da798c05a06a362a2f8c5e3ff0341743e2818d0f530eaac0d6898f1b187f1f"},
    {file = "pydantic-1.10.21-cp39-cp39-manylinux_2_5_i686.manylinux1_i686.manylinux_2_17_i686.manylinux2014_i686.whl", hash = "sha256:a621742da75ce272d64ea57bd7651ee2a115fa67c0f11d66d9dcfc18c2f1b106"},
    {file = "pydantic-1.10.21-cp39-cp39-musllinux_1_2_i686.whl", hash = "sha256:9e3e4000cd54ef455694b8be9111ea20f66a686fc155feda1ecacf2322b115da"},
    {file = "pydantic-1.10.21-cp39-cp39-musllinux_1_2_x86_64.whl", hash = "sha256:f198c8206640f4c0ef5a76b779241efb1380a300d88b1bce9bfe95a6362e674d"},
    {file = "pydantic-1.10.21-cp39-cp39-win_amd64.whl", hash = "sha256:e7f0cda108b36a30c8fc882e4fc5b7eec8ef584aa43aa43694c6a7b274fb2b56"},
    {file = "pydantic-1.10.21-py3-none-any.whl", hash = "sha256:db70c920cba9d05c69ad4a9e7f8e9e83011abb2c6490e561de9ae24aee44925c"},
    {file = "pydantic-1.10.21.tar.gz", hash = "sha256:64b48e2b609a6c22178a56c408ee1215a7206077ecb8a193e2fda31858b2362a"},
]

[package.dependencies]
typing-extensions = ">=4.2.0"

[package.extras]
dotenv = ["python-dotenv (>=0.10.4)"]
email = ["email-validator (>=1.0.3)"]

[[package]]
name = "rfc3986"
version = "1.5.0"
description = "Validating URI References per RFC 3986"
optional = false
python-versions = "*"
groups = ["main"]
files = [
    {file = "rfc3986-1.5.0-py2.py3-none-any.whl", hash = "sha256:a86d6e1f5b1dc238b218b012df0aa79409667bb209e58da56d0b94704e712a97"},
    {file = "rfc3986-1.5.0.tar.gz", hash = "sha256:270aaf10d87d0d4e095063c65bf3ddbc6ee3d0b226328ce21e036f946e421835"},
]

[package.extras]
idna2008 = ["idna"]

[[package]]
name = "sniffio"
version = "1.3.1"
description = "Sniff out which async library your code is running under"
optional = false
python-versions = ">=3.7"
groups = ["main"]
files = [
    {file = "sniffio-1.3.1-py3-none-any.whl", hash = "sha256:2f6da418d1f1e0fddd844478f41680e794e6051915791a034ff65e5f100525a2"},
    {file = "sniffio-1.3.1.tar.gz", hash = "sha256:f4324edc670a0f49750a81b895f35c3adb843cca46f0530f79fc1babb23789dc"},
]

[[package]]
name = "sqlalchemy"
version = "1.3.13"
description = "Database Abstraction Library"
optional = false
python-versions = ">=2.7, !=3.0.*, !=3.1.*, !=3.2.*, !=3.3.*"
groups = ["main"]
files = [
    {file = "SQLAlchemy-1.3.13.tar.gz", hash = "sha256:64a7b71846db6423807e96820993fa12a03b89127d278290ca25c0b11ed7b4fb"},
]

[package.extras]
mssql = ["pyodbc"]
mssql-pymssql = ["pymssql"]
mssql-pyodbc = ["pyodbc"]
mysql = ["mysqlclient"]
oracle = ["cx_oracle"]
postgresql = ["psycopg2"]
postgresql-pg8000 = ["pg8000"]
postgresql-psycopg2binary = ["psycopg2-binary"]
postgresql-psycopg2cffi = ["psycopg2cffi"]
pymysql = ["pymysql"]

[[package]]
name = "starlette"
version = "0.12.9"
description = "The little ASGI library that shines."
optional = false
python-versions = ">=3.6"
groups = ["main"]
files = [
    {file = "starlette-0.12.9.tar.gz", hash = "sha256:c2ac9a42e0e0328ad20fe444115ac5e3760c1ee2ac1ff8cdb5ec915c4a453411"},
]

[package.extras]
full = ["aiofiles", "graphene", "itsdangerous", "jinja2", "python-multipart", "pyyaml", "requests", "ujson"]

[[package]]
name = "typing-extensions"
version = "4.12.2"
description = "Backported and Experimental Type Hints for Python 3.8+"
optional = false
python-versions = ">=3.8"
groups = ["main"]
files = [
    {file = "typing_extensions-4.12.2-py3-none-any.whl", hash = "sha256:04e5ca0351e0f3f85c6853954072df659d0d13fac324d0072316b67d7794700d"},
    {file = "typing_extensions-4.12.2.tar.gz", hash = "sha256:1a7ead55c7e559dd4dee8856e3a88b41225abfe1ce8df57b7c13915fe121ffb8"},
]

[[package]]
name = "urllib3"
version = "1.26.20"
description = "HTTP library with thread-safe connection pooling, file post, and more."
optional = false
python-versions = "!=3.0.*,!=3.1.*,!=3.2.*,!=3.3.*,!=3.4.*,!=3.5.*,>=2.7"
groups = ["main"]
files = [
    {file = "urllib3-1.26.20-py2.py3-none-any.whl", hash = "sha256:0ed14ccfbf1c30a9072c7ca157e4319b70d65f623e91e7b32fadb2853431016e"},
    {file = "urllib3-1.26.20.tar.gz", hash = "sha256:40c2dc0c681e47eb8f90e7e27bf6ff7df2e677421fd46756da1161c39ca70d32"},
]

[package.extras]
brotli = ["brotli (==1.0.9) ; os_name != \"nt\" and python_version < \"3\" and platform_python_implementation == \"CPython\"", "brotli (>=1.0.9) ; python_version >= \"3\" and platform_python_implementation == \"CPython\"", "brotlicffi (>=0.8.0) ; (os_name != \"nt\" or python_version >= \"3\") and platform_python_implementation != \"CPython\"", "brotlipy (>=0.6.0) ; os_name == \"nt\" and python_version < \"3\""]
secure = ["certifi", "cryptography (>=1.3.4)", "idna (>=2.0.0)", "ipaddress ; python_version == \"2.7\"", "pyOpenSSL (>=0.14)", "urllib3-secure-extra"]
socks = ["PySocks (>=1.5.6,!=1.5.7,<2.0)"]

[[package]]
name = "uvicorn"
version = "0.11.2"
description = "The lightning-fast ASGI server."
optional = false
python-versions = "*"
groups = ["main"]
files = [
    {file = "uvicorn-0.11.2-py3-none-any.whl", hash = "sha256:4a35496af38e4deeec911f4af99b0bace19669c986210b0a950ad2b7bfd5737a"},
    {file = "uvicorn-0.11.2.tar.gz", hash = "sha256:11f397855c7f35dc034a3d288883382a4c16afdfe6675b70896f55bd6051da64"},
]

[package.dependencies]
click = "==7.*"
h11 = ">=0.8,<0.10"
httptools = {version = "0.0.13", markers = "sys_platform != \"win32\" and sys_platform != \"cygwin\" and platform_python_implementation != \"pypy\""}
uvloop = {version = ">=0.14.0", markers = "sys_platform != \"win32\" and sys_platform != \"cygwin\" and platform_python_implementation != \"pypy\""}
websockets = "==8.*"

[[package]]
name = "uvloop"
version = "0.21.0"
description = "Fast implementation of asyncio event loop on top of libuv"
optional = false
python-versions = ">=3.8.0"
groups = ["main"]
markers = "sys_platform != \"win32\" and sys_platform != \"cygwin\" and platform_python_implementation != \"pypy\""
files = [
    {file = "uvloop-0.21.0-cp310-cp310-macosx_10_9_universal2.whl", hash = "sha256:ec7e6b09a6fdded42403182ab6b832b71f4edaf7f37a9a0e371a01db5f0cb45f"},
    {file = "uvloop-0.21.0-cp310-cp310-macosx_10_9_x86_64.whl", hash = "sha256:196274f2adb9689a289ad7d65700d37df0c0930fd8e4e743fa4834e850d7719d"},
    {file = "uvloop-0.21.0-cp310-cp310-manylinux_2_17_aarch64.manylinux2014_aarch64.whl", hash = "sha256:f38b2e090258d051d68a5b14d1da7203a3c3677321cf32a95a6f4db4dd8b6f26"},
    {file = "uvloop-0.21.0-cp310-cp310-manylinux_2_17_x86_64.manylinux2014_x86_64.whl", hash = "sha256:87c43e0f13022b998eb9b973b5e97200c8b90823454d4bc06ab33829e09fb9bb"},
    {file = "uvloop-0.21.0-cp310-cp310-musllinux_1_2_aarch64.whl", hash = "sha256:10d66943def5fcb6e7b37310eb6b5639fd2ccbc38df1177262b0640c3ca68c1f"},
    {file = "uvloop-0.21.0-cp310-cp310-musllinux_1_2_x86_64.whl", hash = "sha256:67dd654b8ca23aed0a8e99010b4c34aca62f4b7fce88f39d452ed7622c94845c"},
    {file = "uvloop-0.21.0-cp311-cp311-macosx_10_9_universal2.whl", hash = "sha256:c0f3fa6200b3108919f8bdabb9a7f87f20e7097ea3c543754cabc7d717d95cf8"},
    {file = "uvloop-0.21.0-cp311-cp311-macosx_10_9_x86_64.whl", hash = "sha256:0878c2640cf341b269b7e128b1a5fed890adc4455513ca710d77d5e93aa6d6a0"},
    {file = "uvloop-0.21.0-cp311-cp311-manylinux_2_17_aarch64.manylinux2014_aarch64.whl", hash = "sha256:b9fb766bb57b7388745d8bcc53a359b116b8a04c83a2288069809d2b3466c37e"},
    {file = "uvloop-0.21.0-cp311-cp311-manylinux_2_17_x86_64.manylinux2014_x86_64.whl", hash = "sha256:8a375441696e2eda1c43c44ccb66e04d61ceeffcd76e4929e527b7fa401b90fb"},
    {file = "uvloop-0.21.0-cp311-cp311-musllinux_1_2_aarch64.whl", hash = "sha256:baa0e6291d91649c6ba4ed4b2f982f9fa165b5bbd50a9e203c416a2797bab3c6"},
    {file = "uvloop-0.21.0-cp311-cp311-musllinux_1_2_x86_64.whl", hash = "sha256:4509360fcc4c3bd2c70d87573ad472de40c13387f5fda8cb58350a1d7475e58d"},
    {file = "uvloop-0.21.0-cp312-cp312-macosx_10_13_universal2.whl", hash = "sha256:359ec2c888397b9e592a889c4d72ba3d6befba8b2bb01743f72fffbde663b59c"},
    {file = "uvloop-0.21.0-cp312-cp312-macosx_10_13_x86_64.whl", hash = "sha256:f7089d2dc73179ce5ac255bdf37c236a9f914b264825fdaacaded6990a7fb4c2"},
    {file = "uvloop-0.21.0-cp312-cp312-manylinux_2_17_aarch64.manylinux2014_aarch64.whl", hash = "sha256:baa4dcdbd9ae0a372f2167a207cd98c9f9a1ea1188a8a526431eef2f8116cc8d"},
    {file = "uvloop-0.21.0-cp312-cp312-manylinux_2_17_x86_64.manylinux2014_x86_64.whl", hash = "sha256:86975dca1c773a2c9864f4c52c5a55631038e387b47eaf56210f873887b6c8dc"},
    {file = "uvloop-0.21.0-cp312-cp312-musllinux_1_2_aarch64.whl", hash = "sha256:461d9ae6660fbbafedd07559c6a2e57cd553b34b0065b6550685f6653a98c1cb"},
    {file = "uvloop-0.21.0-cp312-cp312-musllinux_1_2_x86_64.whl", hash = "sha256:183aef7c8730e54c9a3ee3227464daed66e37ba13040bb3f350bc2ddc040f22f"},
    {file = "uvloop-0.21.0-cp313-cp313-macosx_10_13_universal2.whl", hash = "sha256:bfd55dfcc2a512316e65f16e503e9e450cab148ef11df4e4e679b5e8253a5281"},
    {file = "uvloop-0.21.0-cp313-cp313-macosx_10_13_x86_64.whl", hash = "sha256:787ae31ad8a2856fc4e7c095341cccc7209bd657d0e71ad0dc2ea83c4a6fa8af"},
    {file = "uvloop-0.21.0-cp313-cp313-manylinux_2_17_aarch64.manylinux2014_aarch64.whl", hash = "sha256:5ee4d4ef48036ff6e5cfffb09dd192c7a5027153948d85b8da7ff705065bacc6"},
    {file = "uvloop-0.21.0-cp313-cp313-manylinux_2_17_x86_64.manylinux2014_x86_64.whl", hash = "sha256:f3df876acd7ec037a3d005b3ab85a7e4110422e4d9c1571d4fc89b0fc41b6816"},
    {file = "uvloop-0.21.0-cp313-cp313-musllinux_1_2_aarch64.whl", hash = "sha256:bd53ecc9a0f3d87ab847503c2e1552b690362e005ab54e8a48ba97da3924c0dc"},
    {file = "uvloop-0.21.0-cp313-cp313-musllinux_1_2_x86_64.whl", hash = "sha256:a5c39f217ab3c663dc699c04cbd50c13813e31d917642d459fdcec07555cc553"},
    {file = "uvloop-0.21.0-cp38-cp38-macosx_10_9_universal2.whl", hash = "sha256:17df489689befc72c39a08359efac29bbee8eee5209650d4b9f34df73d22e414"},
    {file = "uvloop-0.21.0-cp38-cp38-macosx_10_9_x86_64.whl", hash = "sha256:bc09f0ff191e61c2d592a752423c767b4ebb2986daa9ed62908e2b1b9a9ae206"},
    {file = "uvloop-0.21.0-cp38-cp38-manylinux_2_17_aarch64.manylinux2014_aarch64.whl", hash = "sha256:f0ce1b49560b1d2d8a2977e3ba4afb2414fb46b86a1b64056bc4ab929efdafbe"},
    {file = "uvloop-0.21.0-cp38-cp38-manylinux_2_17_x86_64.manylinux2014_x86_64.whl", hash = "sha256:e678ad6fe52af2c58d2ae3c73dc85524ba8abe637f134bf3564ed07f555c5e79"},
    {file = "uvloop-0.21.0-cp38-cp38-musllinux_1_2_aarch64.whl", hash = "sha256:460def4412e473896ef179a1671b40c039c7012184b627898eea5072ef6f017a"},
    {file = "uvloop-0.21.0-cp38-cp38-musllinux_1_2_x86_64.whl", hash = "sha256:10da8046cc4a8f12c91a1c39d1dd1585c41162a15caaef165c2174db9ef18bdc"},
    {file = "uvloop-0.21.0-cp39-cp39-macosx_10_9_universal2.whl", hash = "sha256:c097078b8031190c934ed0ebfee8cc5f9ba9642e6eb88322b9958b649750f72b"},
    {file = "uvloop-0.21.0-cp39-cp39-macosx_10_9_x86_64.whl", hash = "sha256:46923b0b5ee7fc0020bef24afe7836cb068f5050ca04caf6b487c513dc1a20b2"},
    {file = "uvloop-0.21.0-cp39-cp39-manylinux_2_17_aarch64.manylinux2014_aarch64.whl", hash = "sha256:53e420a3afe22cdcf2a0f4846e377d16e718bc70103d7088a4f7623567ba5fb0"},
    {file = "uvloop-0.21.0-cp39-cp39-manylinux_2_17_x86_64.manylinux2014_x86_64.whl", hash = "sha256:88cb67cdbc0e483da00af0b2c3cdad4b7c61ceb1ee0f33fe00e09c81e3a6cb75"},
    {file = "uvloop-0.21.0-cp39-cp39-musllinux_1_2_aarch64.whl", hash = "sha256:221f4f2a1f46032b403bf3be628011caf75428ee3cc204a22addf96f586b19fd"},
    {file = "uvloop-0.21.0-cp39-cp39-musllinux_1_2_x86_64.whl", hash = "sha256:2d1f581393673ce119355d56da84fe1dd9d2bb8b3d13ce792524e1607139feff"},
    {file = "uvloop-0.21.0.tar.gz", hash = "sha256:3bf12b0fda68447806a7ad847bfa591613177275d35b6724b1ee573faa3704e3"},
]

[package.extras]
dev = ["Cython (>=3.0,<4.0)", "setuptools (>=60)"]
docs = ["Sphinx (>=4.1.2,<4.2.0)", "sphinx-rtd-theme (>=0.5.2,<0.6.0)", "sphinxcontrib-asyncio (>=0.3.0,<0.4.0)"]
test = ["aiohttp (>=3.10.5)", "flake8 (>=5.0,<6.0)", "mypy (>=0.800)", "psutil", "pyOpenSSL (>=23.0.0,<23.1.0)", "pycodestyle (>=2.9.0,<2.10.0)"]

[[package]]
name = "websockets"
version = "8.1"
description = "An implementation of the WebSocket Protocol (RFC 6455 & 7692)"
optional = false
python-versions = ">=3.6.1"
groups = ["main"]
files = [
    {file = "websockets-8.1-cp36-cp36m-macosx_10_6_intel.whl", hash = "sha256:3762791ab8b38948f0c4d281c8b2ddfa99b7e510e46bd8dfa942a5fff621068c"},
    {file = "websockets-8.1-cp36-cp36m-manylinux1_i686.whl", hash = "sha256:3db87421956f1b0779a7564915875ba774295cc86e81bc671631379371af1170"},
    {file = "websockets-8.1-cp36-cp36m-manylinux1_x86_64.whl", hash = "sha256:4f9f7d28ce1d8f1295717c2c25b732c2bc0645db3215cf757551c392177d7cb8"},
    {file = "websockets-8.1-cp36-cp36m-manylinux2010_i686.whl", hash = "sha256:295359a2cc78736737dd88c343cd0747546b2174b5e1adc223824bcaf3e164cb"},
    {file = "websockets-8.1-cp36-cp36m-manylinux2010_x86_64.whl", hash = "sha256:1d3f1bf059d04a4e0eb4985a887d49195e15ebabc42364f4eb564b1d065793f5"},
    {file = "websockets-8.1-cp36-cp36m-win32.whl", hash = "sha256:2db62a9142e88535038a6bcfea70ef9447696ea77891aebb730a333a51ed559a"},
    {file = "websockets-8.1-cp36-cp36m-win_amd64.whl", hash = "sha256:0e4fb4de42701340bd2353bb2eee45314651caa6ccee80dbd5f5d5978888fed5"},
    {file = "websockets-8.1-cp37-cp37m-macosx_10_6_intel.whl", hash = "sha256:9b248ba3dd8a03b1a10b19efe7d4f7fa41d158fdaa95e2cf65af5a7b95a4f989"},
    {file = "websockets-8.1-cp37-cp37m-manylinux1_i686.whl", hash = "sha256:ce85b06a10fc65e6143518b96d3dca27b081a740bae261c2fb20375801a9d56d"},
    {file = "websockets-8.1-cp37-cp37m-manylinux1_x86_64.whl", hash = "sha256:965889d9f0e2a75edd81a07592d0ced54daa5b0785f57dc429c378edbcffe779"},
    {file = "websockets-8.1-cp37-cp37m-manylinux2010_i686.whl", hash = "sha256:751a556205d8245ff94aeef23546a1113b1dd4f6e4d102ded66c39b99c2ce6c8"},
    {file = "websockets-8.1-cp37-cp37m-manylinux2010_x86_64.whl", hash = "sha256:3ef56fcc7b1ff90de46ccd5a687bbd13a3180132268c4254fc0fa44ecf4fc422"},
    {file = "websockets-8.1-cp37-cp37m-win32.whl", hash = "sha256:7ff46d441db78241f4c6c27b3868c9ae71473fe03341340d2dfdbe8d79310acc"},
    {file = "websockets-8.1-cp37-cp37m-win_amd64.whl", hash = "sha256:20891f0dddade307ffddf593c733a3fdb6b83e6f9eef85908113e628fa5a8308"},
    {file = "websockets-8.1-cp38-cp38-macosx_10_9_x86_64.whl", hash = "sha256:c1ec8db4fac31850286b7cd3b9c0e1b944204668b8eb721674916d4e28744092"},
    {file = "websockets-8.1-cp38-cp38-manylinux1_i686.whl", hash = "sha256:5c01fd846263a75bc8a2b9542606927cfad57e7282965d96b93c387622487485"},
    {file = "websockets-8.1-cp38-cp38-manylinux1_x86_64.whl", hash = "sha256:9bef37ee224e104a413f0780e29adb3e514a5b698aabe0d969a6ba426b8435d1"},
    {file = "websockets-8.1-cp38-cp38-manylinux2010_i686.whl", hash = "sha256:d705f8aeecdf3262379644e4b55107a3b55860eb812b673b28d0fbc347a60c55"},
    {file = "websockets-8.1-cp38-cp38-manylinux2010_x86_64.whl", hash = "sha256:c8a116feafdb1f84607cb3b14aa1418424ae71fee131642fc568d21423b51824"},
    {file = "websockets-8.1-cp38-cp38-win32.whl", hash = "sha256:e898a0863421650f0bebac8ba40840fc02258ef4714cb7e1fd76b6a6354bda36"},
    {file = "websockets-8.1-cp38-cp38-win_amd64.whl", hash = "sha256:f8a7bff6e8664afc4e6c28b983845c5bc14965030e3fb98789734d416af77c4b"},
    {file = "websockets-8.1.tar.gz", hash = "sha256:5c65d2da8c6bce0fca2528f69f44b2f977e06954c8512a952222cea50dad430f"},
]

[metadata]
lock-version = "2.1"
python-versions = "^3.8"
content-hash = "b490140061bc274eb2b5fbd29a914da3643367f5f0bee7a5b7c600de8ac31ec5"
